
Microsoft Visual Studio Solution File, Format Version 12.00
# Visual Studio 15
VisualStudioVersion = 15.0.27428.2043
MinimumVisualStudioVersion = 10.0.40219.1
Project("{FAE04EC0-301F-11D3-BF4B-00C04F79EFBC}") = "IteratorPattern", "IteratorPattern\IteratorPattern.csproj", "{5CDD2175-8F39-4D59-91A4-45E024FE99CD}"
EndProject
Global
	GlobalSection(SolutionConfigurationPlatforms) = preSolution
		Debug|Any CPU = Debug|Any CPU
		Release|Any CPU = Release|Any CPU
	EndGlobalSection
	GlobalSection(ProjectConfigurationPlatforms) = postSolution
		{5CDD2175-8F39-4D59-91A4-45E024FE99CD}.Debug|Any CPU.ActiveCfg = Debug|Any CPU
		{5CDD2175-8F39-4D59-91A4-45E024FE99CD}.Debug|Any CPU.Build.0 = Debug|Any CPU
		{5CDD2175-8F39-4D59-91A4-45E024FE99CD}.Release|Any CPU.ActiveCfg = Release|Any CPU
		{5CDD2175-8F39-4D59-91A4-45E024FE99CD}.Release|Any CPU.Build.0 = Release|Any CPU
	EndGlobalSection
	GlobalSection(SolutionProperties) = preSolution
		HideSolutionNode = FALSE
	EndGlobalSection
	GlobalSection(ExtensibilityGlobals) = postSolution
		SolutionGuid = {E5865F04-014D-470C-821C-7E6DB2BF3845}
	EndGlobalSection
EndGlobal
